
Microsoft Visual Studio Solution File, Format Version 12.00
# Visual Studio Version 17
VisualStudioVersion = 17.9.34728.123
MinimumVisualStudioVersion = 10.0.40219.1
Project("{9A19103F-16F7-4668-BE54-9A1E7A4F7556}") = "SimulationMicoHospital", "SimulationMicoHospital.csproj", "{E6823A15-D0AD-4C8C-839E-A77D0C1B60CF}"
EndProject
Project("{FAE04EC0-301F-11D3-BF4B-00C04F79EFBC}") = "SimulationMicoHospital.Core", "..\SimulationMicoHospital.Core\SimulationMicoHospital.Core.csproj", "{A0AE374C-73F5-4A5F-9005-1BC1FBDC85CB}"
EndProject
Project("{FAE04EC0-301F-11D3-BF4B-00C04F79EFBC}") = "SimulationMicoHospital.Data", "..\SimulationMicoHospital.Data\SimulationMicoHospital.Data.csproj", "{1B670AFE-8525-4578-9602-F4B82799D75D}"
EndProject
Project("{FAE04EC0-301F-11D3-BF4B-00C04F79EFBC}") = "SimulationMicoHospital.Business", "..\SimulationMicoHospital.Business\SimulationMicoHospital.Business.csproj", "{9CF9BB07-FD10-4D5A-83C6-6DFDC5834122}"
EndProject
Global
	GlobalSection(SolutionConfigurationPlatforms) = preSolution
		Debug|Any CPU = Debug|Any CPU
		Release|Any CPU = Release|Any CPU
	EndGlobalSection
	GlobalSection(ProjectConfigurationPlatforms) = postSolution
		{E6823A15-D0AD-4C8C-839E-A77D0C1B60CF}.Debug|Any CPU.ActiveCfg = Debug|Any CPU
		{E6823A15-D0AD-4C8C-839E-A77D0C1B60CF}.Debug|Any CPU.Build.0 = Debug|Any CPU
		{E6823A15-D0AD-4C8C-839E-A77D0C1B60CF}.Release|Any CPU.ActiveCfg = Release|Any CPU
		{E6823A15-D0AD-4C8C-839E-A77D0C1B60CF}.Release|Any CPU.Build.0 = Release|Any CPU
		{A0AE374C-73F5-4A5F-9005-1BC1FBDC85CB}.Debug|Any CPU.ActiveCfg = Debug|Any CPU
		{A0AE374C-73F5-4A5F-9005-1BC1FBDC85CB}.Debug|Any CPU.Build.0 = Debug|Any CPU
		{A0AE374C-73F5-4A5F-9005-1BC1FBDC85CB}.Release|Any CPU.ActiveCfg = Release|Any CPU
		{A0AE374C-73F5-4A5F-9005-1BC1FBDC85CB}.Release|Any CPU.Build.0 = Release|Any CPU
		{1B670AFE-8525-4578-9602-F4B82799D75D}.Debug|Any CPU.ActiveCfg = Debug|Any CPU
		{1B670AFE-8525-4578-9602-F4B82799D75D}.Debug|Any CPU.Build.0 = Debug|Any CPU
		{1B670AFE-8525-4578-9602-F4B82799D75D}.Release|Any CPU.ActiveCfg = Release|Any CPU
		{1B670AFE-8525-4578-9602-F4B82799D75D}.Release|Any CPU.Build.0 = Release|Any CPU
		{9CF9BB07-FD10-4D5A-83C6-6DFDC5834122}.Debug|Any CPU.ActiveCfg = Debug|Any CPU
		{9CF9BB07-FD10-4D5A-83C6-6DFDC5834122}.Debug|Any CPU.Build.0 = Debug|Any CPU
		{9CF9BB07-FD10-4D5A-83C6-6DFDC5834122}.Release|Any CPU.ActiveCfg = Release|Any CPU
		{9CF9BB07-FD10-4D5A-83C6-6DFDC5834122}.Release|Any CPU.Build.0 = Release|Any CPU
	EndGlobalSection
	GlobalSection(SolutionProperties) = preSolution
		HideSolutionNode = FALSE
	EndGlobalSection
	GlobalSection(ExtensibilityGlobals) = postSolution
		SolutionGuid = {13539166-A460-40A4-99B6-F037125701FE}
	EndGlobalSection
EndGlobal
